
Microsoft Visual Studio Solution File, Format Version 12.00
# Visual Studio Version 17
VisualStudioVersion = 17.9.34622.214
MinimumVisualStudioVersion = 10.0.40219.1
Project("{FAE04EC0-301F-11D3-BF4B-00C04F79EFBC}") = "WPF2_grade", "WPF2_grade\WPF2_grade.csproj", "{1ED1339A-0F31-4EB6-B574-222E4AA38B79}"
EndProject
Global
	GlobalSection(SolutionConfigurationPlatforms) = preSolution
		Debug|Any CPU = Debug|Any CPU
		Release|Any CPU = Release|Any CPU
	EndGlobalSection
	GlobalSection(ProjectConfigurationPlatforms) = postSolution
		{1ED1339A-0F31-4EB6-B574-222E4AA38B79}.Debug|Any CPU.ActiveCfg = Debug|Any CPU
		{1ED1339A-0F31-4EB6-B574-222E4AA38B79}.Debug|Any CPU.Build.0 = Debug|Any CPU
		{1ED1339A-0F31-4EB6-B574-222E4AA38B79}.Release|Any CPU.ActiveCfg = Release|Any CPU
		{1ED1339A-0F31-4EB6-B574-222E4AA38B79}.Release|Any CPU.Build.0 = Release|Any CPU
	EndGlobalSection
	GlobalSection(SolutionProperties) = preSolution
		HideSolutionNode = FALSE
	EndGlobalSection
	GlobalSection(ExtensibilityGlobals) = postSolution
		SolutionGuid = {11C30E13-D1C1-4847-B533-D66005624EB2}
	EndGlobalSection
EndGlobal
